PODS:
  - facebook_audience_network (0.0.1):
    - FBAudienceNetwork (~> 6.3)
    - Flutter
  - FBAudienceNetwork (6.7.0):
    - FBSDKCoreKit_Basics
  - FBSDKCoreKit_Basics (11.2.1):
    - FBSDKCoreKit_Basics/Basics (= 11.2.1)
  - FBSDKCoreKit_Basics/Basics (11.2.1)
  - Flutter (1.0.0)

DEPENDENCIES:
  - facebook_audience_network (from `.symlinks/plugins/facebook_audience_network/ios`)
  - Flutter (from `Flutter`)

SPEC REPOS:
  trunk:
    - FBAudienceNetwork
    - FBSDKCoreKit_Basics

EXTERNAL SOURCES:
  facebook_audience_network:
    :path: ".symlinks/plugins/facebook_audience_network/ios"
  Flutter:
    :path: Flutter

SPEC CHECKSUMS:
  facebook_audience_network: bb22bdda913d419d8c3247c9570bda4563302417
  FBAudienceNetwork: 7aec5ffa73ff9d972a9dbcc2477d0fcaf9ef3b53
  FBSDKCoreKit_Basics: 73ebe3a27eb688ac5b5aa7e99f68992993042115
  Flutter: 50d75fe2f02b26cc09d224853bb45737f8b3214a

PODFILE CHECKSUM: a75497545d4391e2d394c3668e20cfb1c2bbd4aa

COCOAPODS: 1.11.2
